
Microsoft Visual Studio Solution File, Format Version 12.00
# Visual Studio 15
VisualStudioVersion = 15.0.28010.2050
MinimumVisualStudioVersion = 10.0.40219.1
Project("{FAE04EC0-301F-11D3-BF4B-00C04F79EFBC}") = "Netnr.ResponseFramework", "Netnr.ResponseFramework\Netnr.ResponseFramework.csproj", "{7B715FA8-A673-4AB5-8C03-4878DBD003E9}"
EndProject
Project("{FAE04EC0-301F-11D3-BF4B-00C04F79EFBC}") = "Netnr.Data", "Netnr.Data\Netnr.Data.csproj", "{F404E231-BBD9-4A94-9EC1-0CB36976B919}"
EndProject
Project("{FAE04EC0-301F-11D3-BF4B-00C04F79EFBC}") = "Netnr.Domain", "Netnr.Domain\Netnr.Domain.csproj", "{BCBFE8C4-3496-494C-B54B-D7758DCCD424}"
EndProject
Project("{FAE04EC0-301F-11D3-BF4B-00C04F79EFBC}") = "Netnr.Func", "Netnr.Func\Netnr.Func.csproj", "{C38EB304-9CAD-45B6-A60D-73065A792E22}"
EndProject
Project("{2150E333-8FDC-42A3-9474-1A3956D46DE8}") = "01 Basic", "01 Basic", "{DB6B636E-C8AB-4D50-8327-7438E852F574}"
EndProject
Project("{2150E333-8FDC-42A3-9474-1A3956D46DE8}") = "02 Make", "02 Make", "{DF71DFC2-FB53-42A5-81C0-0A516C0ADCBB}"
EndProject
Project("{2150E333-8FDC-42A3-9474-1A3956D46DE8}") = "99 Web", "99 Web", "{8BEDC96E-6936-4B38-869D-79DE6A6606B1}"
EndProject
Project("{9A19103F-16F7-4668-BE54-9A1E7A4F7556}") = "Netnr.Fast", "Netnr.Fast\Netnr.Fast.csproj", "{3C54E74E-9658-41F7-B8F2-75705B63D563}"
EndProject
Global
	GlobalSection(SolutionConfigurationPlatforms) = preSolution
		Debug|Any CPU = Debug|Any CPU
		Release|Any CPU = Release|Any CPU
	EndGlobalSection
	GlobalSection(ProjectConfigurationPlatforms) = postSolution
		{7B715FA8-A673-4AB5-8C03-4878DBD003E9}.Debug|Any CPU.ActiveCfg = Debug|Any CPU
		{7B715FA8-A673-4AB5-8C03-4878DBD003E9}.Debug|Any CPU.Build.0 = Debug|Any CPU
		{7B715FA8-A673-4AB5-8C03-4878DBD003E9}.Release|Any CPU.ActiveCfg = Release|Any CPU
		{7B715FA8-A673-4AB5-8C03-4878DBD003E9}.Release|Any CPU.Build.0 = Release|Any CPU
		{F404E231-BBD9-4A94-9EC1-0CB36976B919}.Debug|Any CPU.ActiveCfg = Debug|Any CPU
		{F404E231-BBD9-4A94-9EC1-0CB36976B919}.Debug|Any CPU.Build.0 = Debug|Any CPU
		{F404E231-BBD9-4A94-9EC1-0CB36976B919}.Release|Any CPU.ActiveCfg = Release|Any CPU
		{F404E231-BBD9-4A94-9EC1-0CB36976B919}.Release|Any CPU.Build.0 = Release|Any CPU
		{BCBFE8C4-3496-494C-B54B-D7758DCCD424}.Debug|Any CPU.ActiveCfg = Debug|Any CPU
		{BCBFE8C4-3496-494C-B54B-D7758DCCD424}.Debug|Any CPU.Build.0 = Debug|Any CPU
		{BCBFE8C4-3496-494C-B54B-D7758DCCD424}.Release|Any CPU.ActiveCfg = Release|Any CPU
		{BCBFE8C4-3496-494C-B54B-D7758DCCD424}.Release|Any CPU.Build.0 = Release|Any CPU
		{C38EB304-9CAD-45B6-A60D-73065A792E22}.Debug|Any CPU.ActiveCfg = Debug|Any CPU
		{C38EB304-9CAD-45B6-A60D-73065A792E22}.Debug|Any CPU.Build.0 = Debug|Any CPU
		{C38EB304-9CAD-45B6-A60D-73065A792E22}.Release|Any CPU.ActiveCfg = Release|Any CPU
		{C38EB304-9CAD-45B6-A60D-73065A792E22}.Release|Any CPU.Build.0 = Release|Any CPU
		{3C54E74E-9658-41F7-B8F2-75705B63D563}.Debug|Any CPU.ActiveCfg = Debug|Any CPU
		{3C54E74E-9658-41F7-B8F2-75705B63D563}.Debug|Any CPU.Build.0 = Debug|Any CPU
		{3C54E74E-9658-41F7-B8F2-75705B63D563}.Release|Any CPU.ActiveCfg = Release|Any CPU
		{3C54E74E-9658-41F7-B8F2-75705B63D563}.Release|Any CPU.Build.0 = Release|Any CPU
	EndGlobalSection
	GlobalSection(SolutionProperties) = preSolution
		HideSolutionNode = FALSE
	EndGlobalSection
	GlobalSection(NestedProjects) = preSolution
		{7B715FA8-A673-4AB5-8C03-4878DBD003E9} = {8BEDC96E-6936-4B38-869D-79DE6A6606B1}
		{F404E231-BBD9-4A94-9EC1-0CB36976B919} = {DB6B636E-C8AB-4D50-8327-7438E852F574}
		{BCBFE8C4-3496-494C-B54B-D7758DCCD424} = {DB6B636E-C8AB-4D50-8327-7438E852F574}
		{C38EB304-9CAD-45B6-A60D-73065A792E22} = {DF71DFC2-FB53-42A5-81C0-0A516C0ADCBB}
		{3C54E74E-9658-41F7-B8F2-75705B63D563} = {DB6B636E-C8AB-4D50-8327-7438E852F574}
	EndGlobalSection
	GlobalSection(ExtensibilityGlobals) = postSolution
		SolutionGuid = {F9D6A53C-1D0E-4A31-A04A-43A0AC9CFFD5}
	EndGlobalSection
EndGlobal
