
Microsoft Visual Studio Solution File, Format Version 12.00
# Visual Studio 2013
VisualStudioVersion = 12.0.21005.1
MinimumVisualStudioVersion = 10.0.40219.1
Project("{FAE04EC0-301F-11D3-BF4B-00C04F79EFBC}") = "RF", "RF\RF.csproj", "{95B8526A-5865-4A31-AD87-7691B4F73EF4}"
	ProjectSection(ProjectDependencies) = postProject
		{55439661-9D4B-42A3-87CA-BA24170A8D84} = {55439661-9D4B-42A3-87CA-BA24170A8D84}
		{96C29EED-1B18-4DB0-B0C1-7A372938E28B} = {96C29EED-1B18-4DB0-B0C1-7A372938E28B}
		{22A1E0ED-EBB1-4E70-83C2-85A7481A1532} = {22A1E0ED-EBB1-4E70-83C2-85A7481A1532}
	EndProjectSection
EndProject
Project("{FAE04EC0-301F-11D3-BF4B-00C04F79EFBC}") = "Expand", "Expand\Expand.csproj", "{55439661-9D4B-42A3-87CA-BA24170A8D84}"
EndProject
Project("{FAE04EC0-301F-11D3-BF4B-00C04F79EFBC}") = "Model", "Model\Model.csproj", "{96C29EED-1B18-4DB0-B0C1-7A372938E28B}"
EndProject
Project("{FAE04EC0-301F-11D3-BF4B-00C04F79EFBC}") = "DB", "DB\DB.csproj", "{C21C51FD-BE8E-41FC-8F4B-3E11CF0AB085}"
EndProject
Project("{FAE04EC0-301F-11D3-BF4B-00C04F79EFBC}") = "DAL", "DAL\DAL.csproj", "{22A1E0ED-EBB1-4E70-83C2-85A7481A1532}"
EndProject
Global
	GlobalSection(SolutionConfigurationPlatforms) = preSolution
		Debug|Any CPU = Debug|Any CPU
		Release|Any CPU = Release|Any CPU
	EndGlobalSection
	GlobalSection(ProjectConfigurationPlatforms) = postSolution
		{95B8526A-5865-4A31-AD87-7691B4F73EF4}.Debug|Any CPU.ActiveCfg = Debug|Any CPU
		{95B8526A-5865-4A31-AD87-7691B4F73EF4}.Debug|Any CPU.Build.0 = Debug|Any CPU
		{95B8526A-5865-4A31-AD87-7691B4F73EF4}.Release|Any CPU.ActiveCfg = Release|Any CPU
		{95B8526A-5865-4A31-AD87-7691B4F73EF4}.Release|Any CPU.Build.0 = Release|Any CPU
		{55439661-9D4B-42A3-87CA-BA24170A8D84}.Debug|Any CPU.ActiveCfg = Debug|Any CPU
		{55439661-9D4B-42A3-87CA-BA24170A8D84}.Debug|Any CPU.Build.0 = Debug|Any CPU
		{55439661-9D4B-42A3-87CA-BA24170A8D84}.Release|Any CPU.ActiveCfg = Release|Any CPU
		{55439661-9D4B-42A3-87CA-BA24170A8D84}.Release|Any CPU.Build.0 = Release|Any CPU
		{96C29EED-1B18-4DB0-B0C1-7A372938E28B}.Debug|Any CPU.ActiveCfg = Debug|Any CPU
		{96C29EED-1B18-4DB0-B0C1-7A372938E28B}.Debug|Any CPU.Build.0 = Debug|Any CPU
		{96C29EED-1B18-4DB0-B0C1-7A372938E28B}.Release|Any CPU.ActiveCfg = Release|Any CPU
		{96C29EED-1B18-4DB0-B0C1-7A372938E28B}.Release|Any CPU.Build.0 = Release|Any CPU
		{C21C51FD-BE8E-41FC-8F4B-3E11CF0AB085}.Debug|Any CPU.ActiveCfg = Debug|Any CPU
		{C21C51FD-BE8E-41FC-8F4B-3E11CF0AB085}.Debug|Any CPU.Build.0 = Debug|Any CPU
		{C21C51FD-BE8E-41FC-8F4B-3E11CF0AB085}.Release|Any CPU.ActiveCfg = Release|Any CPU
		{C21C51FD-BE8E-41FC-8F4B-3E11CF0AB085}.Release|Any CPU.Build.0 = Release|Any CPU
		{22A1E0ED-EBB1-4E70-83C2-85A7481A1532}.Debug|Any CPU.ActiveCfg = Debug|Any CPU
		{22A1E0ED-EBB1-4E70-83C2-85A7481A1532}.Debug|Any CPU.Build.0 = Debug|Any CPU
		{22A1E0ED-EBB1-4E70-83C2-85A7481A1532}.Release|Any CPU.ActiveCfg = Release|Any CPU
		{22A1E0ED-EBB1-4E70-83C2-85A7481A1532}.Release|Any CPU.Build.0 = Release|Any CPU
	EndGlobalSection
	GlobalSection(SolutionProperties) = preSolution
		HideSolutionNode = FALSE
	EndGlobalSection
EndGlobal
