
Microsoft Visual Studio Solution File, Format Version 12.00
# Visual Studio 15
VisualStudioVersion = 15.0.27130.2027
MinimumVisualStudioVersion = 10.0.40219.1
Project("{9A19103F-16F7-4668-BE54-9A1E7A4F7556}") = "Netnr.ResponseFramework", "Netnr.ResponseFramework\Netnr.ResponseFramework.csproj", "{16C55E43-8767-4938-96E1-1B0AAAC3569F}"
EndProject
Project("{2150E333-8FDC-42A3-9474-1A3956D46DE8}") = "99 Web", "99 Web", "{F9156EFC-D1BB-47DC-9ADD-2C2885FDBCFA}"
EndProject
Project("{2150E333-8FDC-42A3-9474-1A3956D46DE8}") = "01 Basic", "01 Basic", "{3D366052-1B72-472C-BD78-F05EF2FE080C}"
EndProject
Project("{9A19103F-16F7-4668-BE54-9A1E7A4F7556}") = "Netnr.Core", "Netnr.Core\Netnr.Core.csproj", "{285B84D5-A714-4EB6-9E0E-0B3B498126B3}"
EndProject
Project("{9A19103F-16F7-4668-BE54-9A1E7A4F7556}") = "Netnr.Data", "Netnr.Data\Netnr.Data.csproj", "{3346FC9E-A6CF-4762-8543-380E26342C3D}"
EndProject
Project("{9A19103F-16F7-4668-BE54-9A1E7A4F7556}") = "Netnr.Domain", "Netnr.Domain\Netnr.Domain.csproj", "{2B976AC6-DD2F-4731-97B5-6B33DECF44A0}"
EndProject
Project("{9A19103F-16F7-4668-BE54-9A1E7A4F7556}") = "Netnr.Mapping", "Netnr.Mapping\Netnr.Mapping.csproj", "{78C69A0A-C716-4DE1-820D-CE920A2A44A7}"
EndProject
Project("{2150E333-8FDC-42A3-9474-1A3956D46DE8}") = "02 Make", "02 Make", "{85D87759-543C-43EB-8AD0-C74F29C314A4}"
EndProject
Project("{9A19103F-16F7-4668-BE54-9A1E7A4F7556}") = "Netnr.Func", "Netnr.Func\Netnr.Func.csproj", "{FD407257-3150-4ADB-B5C6-A42E61E6E5B1}"
EndProject
Project("{9A19103F-16F7-4668-BE54-9A1E7A4F7556}") = "Netnr.Global", "Netnr.Global\Netnr.Global.csproj", "{D5D2BE19-C0FC-4CB0-AC28-2F136FD653F5}"
EndProject
Global
	GlobalSection(SolutionConfigurationPlatforms) = preSolution
		Debug|Any CPU = Debug|Any CPU
		Release|Any CPU = Release|Any CPU
	EndGlobalSection
	GlobalSection(ProjectConfigurationPlatforms) = postSolution
		{16C55E43-8767-4938-96E1-1B0AAAC3569F}.Debug|Any CPU.ActiveCfg = Debug|Any CPU
		{16C55E43-8767-4938-96E1-1B0AAAC3569F}.Debug|Any CPU.Build.0 = Debug|Any CPU
		{16C55E43-8767-4938-96E1-1B0AAAC3569F}.Release|Any CPU.ActiveCfg = Release|Any CPU
		{16C55E43-8767-4938-96E1-1B0AAAC3569F}.Release|Any CPU.Build.0 = Release|Any CPU
		{285B84D5-A714-4EB6-9E0E-0B3B498126B3}.Debug|Any CPU.ActiveCfg = Debug|Any CPU
		{285B84D5-A714-4EB6-9E0E-0B3B498126B3}.Debug|Any CPU.Build.0 = Debug|Any CPU
		{285B84D5-A714-4EB6-9E0E-0B3B498126B3}.Release|Any CPU.ActiveCfg = Release|Any CPU
		{285B84D5-A714-4EB6-9E0E-0B3B498126B3}.Release|Any CPU.Build.0 = Release|Any CPU
		{3346FC9E-A6CF-4762-8543-380E26342C3D}.Debug|Any CPU.ActiveCfg = Debug|Any CPU
		{3346FC9E-A6CF-4762-8543-380E26342C3D}.Debug|Any CPU.Build.0 = Debug|Any CPU
		{3346FC9E-A6CF-4762-8543-380E26342C3D}.Release|Any CPU.ActiveCfg = Release|Any CPU
		{3346FC9E-A6CF-4762-8543-380E26342C3D}.Release|Any CPU.Build.0 = Release|Any CPU
		{2B976AC6-DD2F-4731-97B5-6B33DECF44A0}.Debug|Any CPU.ActiveCfg = Debug|Any CPU
		{2B976AC6-DD2F-4731-97B5-6B33DECF44A0}.Debug|Any CPU.Build.0 = Debug|Any CPU
		{2B976AC6-DD2F-4731-97B5-6B33DECF44A0}.Release|Any CPU.ActiveCfg = Release|Any CPU
		{2B976AC6-DD2F-4731-97B5-6B33DECF44A0}.Release|Any CPU.Build.0 = Release|Any CPU
		{78C69A0A-C716-4DE1-820D-CE920A2A44A7}.Debug|Any CPU.ActiveCfg = Debug|Any CPU
		{78C69A0A-C716-4DE1-820D-CE920A2A44A7}.Debug|Any CPU.Build.0 = Debug|Any CPU
		{78C69A0A-C716-4DE1-820D-CE920A2A44A7}.Release|Any CPU.ActiveCfg = Release|Any CPU
		{78C69A0A-C716-4DE1-820D-CE920A2A44A7}.Release|Any CPU.Build.0 = Release|Any CPU
		{FD407257-3150-4ADB-B5C6-A42E61E6E5B1}.Debug|Any CPU.ActiveCfg = Debug|Any CPU
		{FD407257-3150-4ADB-B5C6-A42E61E6E5B1}.Debug|Any CPU.Build.0 = Debug|Any CPU
		{FD407257-3150-4ADB-B5C6-A42E61E6E5B1}.Release|Any CPU.ActiveCfg = Release|Any CPU
		{FD407257-3150-4ADB-B5C6-A42E61E6E5B1}.Release|Any CPU.Build.0 = Release|Any CPU
		{D5D2BE19-C0FC-4CB0-AC28-2F136FD653F5}.Debug|Any CPU.ActiveCfg = Debug|Any CPU
		{D5D2BE19-C0FC-4CB0-AC28-2F136FD653F5}.Debug|Any CPU.Build.0 = Debug|Any CPU
		{D5D2BE19-C0FC-4CB0-AC28-2F136FD653F5}.Release|Any CPU.ActiveCfg = Release|Any CPU
		{D5D2BE19-C0FC-4CB0-AC28-2F136FD653F5}.Release|Any CPU.Build.0 = Release|Any CPU
	EndGlobalSection
	GlobalSection(SolutionProperties) = preSolution
		HideSolutionNode = FALSE
	EndGlobalSection
	GlobalSection(NestedProjects) = preSolution
		{16C55E43-8767-4938-96E1-1B0AAAC3569F} = {F9156EFC-D1BB-47DC-9ADD-2C2885FDBCFA}
		{285B84D5-A714-4EB6-9E0E-0B3B498126B3} = {3D366052-1B72-472C-BD78-F05EF2FE080C}
		{3346FC9E-A6CF-4762-8543-380E26342C3D} = {3D366052-1B72-472C-BD78-F05EF2FE080C}
		{2B976AC6-DD2F-4731-97B5-6B33DECF44A0} = {3D366052-1B72-472C-BD78-F05EF2FE080C}
		{78C69A0A-C716-4DE1-820D-CE920A2A44A7} = {3D366052-1B72-472C-BD78-F05EF2FE080C}
		{FD407257-3150-4ADB-B5C6-A42E61E6E5B1} = {85D87759-543C-43EB-8AD0-C74F29C314A4}
		{D5D2BE19-C0FC-4CB0-AC28-2F136FD653F5} = {3D366052-1B72-472C-BD78-F05EF2FE080C}
	EndGlobalSection
	GlobalSection(ExtensibilityGlobals) = postSolution
		SolutionGuid = {B02A503B-EE0B-4C7E-9ACE-26CD3B59B087}
	EndGlobalSection
EndGlobal
