
Microsoft Visual Studio Solution File, Format Version 12.00
# Visual Studio 15
VisualStudioVersion = 15.0.27130.2027
MinimumVisualStudioVersion = 10.0.40219.1
Project("{2150E333-8FDC-42A3-9474-1A3956D46DE8}") = "99 Web", "99 Web", "{F9156EFC-D1BB-47DC-9ADD-2C2885FDBCFA}"
EndProject
Project("{2150E333-8FDC-42A3-9474-1A3956D46DE8}") = "01 Basic", "01 Basic", "{3D366052-1B72-472C-BD78-F05EF2FE080C}"
EndProject
Project("{9A19103F-16F7-4668-BE54-9A1E7A4F7556}") = "Netnr.Data", "Netnr.Data\Netnr.Data.csproj", "{3346FC9E-A6CF-4762-8543-380E26342C3D}"
EndProject
Project("{9A19103F-16F7-4668-BE54-9A1E7A4F7556}") = "Netnr.Domain", "Netnr.Domain\Netnr.Domain.csproj", "{2B976AC6-DD2F-4731-97B5-6B33DECF44A0}"
EndProject
Project("{2150E333-8FDC-42A3-9474-1A3956D46DE8}") = "02 Make", "02 Make", "{85D87759-543C-43EB-8AD0-C74F29C314A4}"
EndProject
Project("{9A19103F-16F7-4668-BE54-9A1E7A4F7556}") = "Netnr.Func", "Netnr.Func\Netnr.Func.csproj", "{FD407257-3150-4ADB-B5C6-A42E61E6E5B1}"
EndProject
Project("{9A19103F-16F7-4668-BE54-9A1E7A4F7556}") = "Netnr.Global", "Netnr.Global\Netnr.Global.csproj", "{D5D2BE19-C0FC-4CB0-AC28-2F136FD653F5}"
EndProject
Project("{9A19103F-16F7-4668-BE54-9A1E7A4F7556}") = "Netnr.Core", "Netnr.Core\Netnr.Core.csproj", "{C7AFAE80-2D3E-4890-A357-1DE7580B6121}"
EndProject
Project("{FAE04EC0-301F-11D3-BF4B-00C04F79EFBC}") = "Netnr.ResponseFramework", "Netnr.ResponseFramework\Netnr.ResponseFramework.csproj", "{59EA907D-B48E-4E01-B52B-1E9849015EE2}"
EndProject
Global
	GlobalSection(SolutionConfigurationPlatforms) = preSolution
		Debug|Any CPU = Debug|Any CPU
		Release|Any CPU = Release|Any CPU
	EndGlobalSection
	GlobalSection(ProjectConfigurationPlatforms) = postSolution
		{3346FC9E-A6CF-4762-8543-380E26342C3D}.Debug|Any CPU.ActiveCfg = Debug|Any CPU
		{3346FC9E-A6CF-4762-8543-380E26342C3D}.Debug|Any CPU.Build.0 = Debug|Any CPU
		{3346FC9E-A6CF-4762-8543-380E26342C3D}.Release|Any CPU.ActiveCfg = Release|Any CPU
		{3346FC9E-A6CF-4762-8543-380E26342C3D}.Release|Any CPU.Build.0 = Release|Any CPU
		{2B976AC6-DD2F-4731-97B5-6B33DECF44A0}.Debug|Any CPU.ActiveCfg = Debug|Any CPU
		{2B976AC6-DD2F-4731-97B5-6B33DECF44A0}.Debug|Any CPU.Build.0 = Debug|Any CPU
		{2B976AC6-DD2F-4731-97B5-6B33DECF44A0}.Release|Any CPU.ActiveCfg = Release|Any CPU
		{2B976AC6-DD2F-4731-97B5-6B33DECF44A0}.Release|Any CPU.Build.0 = Release|Any CPU
		{FD407257-3150-4ADB-B5C6-A42E61E6E5B1}.Debug|Any CPU.ActiveCfg = Debug|Any CPU
		{FD407257-3150-4ADB-B5C6-A42E61E6E5B1}.Debug|Any CPU.Build.0 = Debug|Any CPU
		{FD407257-3150-4ADB-B5C6-A42E61E6E5B1}.Release|Any CPU.ActiveCfg = Release|Any CPU
		{FD407257-3150-4ADB-B5C6-A42E61E6E5B1}.Release|Any CPU.Build.0 = Release|Any CPU
		{D5D2BE19-C0FC-4CB0-AC28-2F136FD653F5}.Debug|Any CPU.ActiveCfg = Debug|Any CPU
		{D5D2BE19-C0FC-4CB0-AC28-2F136FD653F5}.Debug|Any CPU.Build.0 = Debug|Any CPU
		{D5D2BE19-C0FC-4CB0-AC28-2F136FD653F5}.Release|Any CPU.ActiveCfg = Release|Any CPU
		{D5D2BE19-C0FC-4CB0-AC28-2F136FD653F5}.Release|Any CPU.Build.0 = Release|Any CPU
		{C7AFAE80-2D3E-4890-A357-1DE7580B6121}.Debug|Any CPU.ActiveCfg = Debug|Any CPU
		{C7AFAE80-2D3E-4890-A357-1DE7580B6121}.Debug|Any CPU.Build.0 = Debug|Any CPU
		{C7AFAE80-2D3E-4890-A357-1DE7580B6121}.Release|Any CPU.ActiveCfg = Release|Any CPU
		{C7AFAE80-2D3E-4890-A357-1DE7580B6121}.Release|Any CPU.Build.0 = Release|Any CPU
		{59EA907D-B48E-4E01-B52B-1E9849015EE2}.Debug|Any CPU.ActiveCfg = Debug|Any CPU
		{59EA907D-B48E-4E01-B52B-1E9849015EE2}.Debug|Any CPU.Build.0 = Debug|Any CPU
		{59EA907D-B48E-4E01-B52B-1E9849015EE2}.Release|Any CPU.ActiveCfg = Release|Any CPU
		{59EA907D-B48E-4E01-B52B-1E9849015EE2}.Release|Any CPU.Build.0 = Release|Any CPU
	EndGlobalSection
	GlobalSection(SolutionProperties) = preSolution
		HideSolutionNode = FALSE
	EndGlobalSection
	GlobalSection(NestedProjects) = preSolution
		{3346FC9E-A6CF-4762-8543-380E26342C3D} = {3D366052-1B72-472C-BD78-F05EF2FE080C}
		{2B976AC6-DD2F-4731-97B5-6B33DECF44A0} = {3D366052-1B72-472C-BD78-F05EF2FE080C}
		{FD407257-3150-4ADB-B5C6-A42E61E6E5B1} = {85D87759-543C-43EB-8AD0-C74F29C314A4}
		{D5D2BE19-C0FC-4CB0-AC28-2F136FD653F5} = {3D366052-1B72-472C-BD78-F05EF2FE080C}
		{C7AFAE80-2D3E-4890-A357-1DE7580B6121} = {3D366052-1B72-472C-BD78-F05EF2FE080C}
		{59EA907D-B48E-4E01-B52B-1E9849015EE2} = {F9156EFC-D1BB-47DC-9ADD-2C2885FDBCFA}
	EndGlobalSection
	GlobalSection(ExtensibilityGlobals) = postSolution
		SolutionGuid = {B02A503B-EE0B-4C7E-9ACE-26CD3B59B087}
	EndGlobalSection
EndGlobal
